
Microsoft Visual Studio Solution File, Format Version 12.00
# Visual Studio Version 16
VisualStudioVersion = 16.0.29306.81
MinimumVisualStudioVersion = 10.0.40219.1
Project("{8BC9CEB8-8B4A-11D0-8D11-00A0C91BC942}") = "CPP_HW", "CPP_HW\CPP_HW.vcxproj", "{60E873B3-C8B8-4AD8-AB00-B50B0C237259}"
EndProject
Project("{8BC9CEB8-8B4A-11D0-8D11-00A0C91BC942}") = "StackExam", "StackExam\StackExam.vcxproj", "{AB4037AA-9283-416A-89B3-098D843121EB}"
EndProject
Project("{8BC9CEB8-8B4A-11D0-8D11-00A0C91BC942}") = "CW7", "CW7\CW7.vcxproj", "{52E22BC3-A937-4728-9EA9-BE5D4DE4C3FF}"
EndProject
Project("{8BC9CEB8-8B4A-11D0-8D11-00A0C91BC942}") = "SampleQueue", "SampleQueue\SampleQueue.vcxproj", "{965A6DBE-B33B-4B5C-9D84-A588F7B9C863}"
EndProject
Project("{8BC9CEB8-8B4A-11D0-8D11-00A0C91BC942}") = "CW8", "CW8\CW8.vcxproj", "{114A3B01-D49A-4AA5-8389-52498B62C285}"
EndProject
Project("{8BC9CEB8-8B4A-11D0-8D11-00A0C91BC942}") = "CW9", "CW9\CW9.vcxproj", "{6D5193E0-14DF-43CA-9981-594E53AA194E}"
EndProject
Project("{8BC9CEB8-8B4A-11D0-8D11-00A0C91BC942}") = "CW10", "CW10\CW10.vcxproj", "{A766DB12-FE56-4D82-88C9-BF0D3D67B091}"
EndProject
Project("{8BC9CEB8-8B4A-11D0-8D11-00A0C91BC942}") = "VirtualFunc", "VirtualFunc\VirtualFunc.vcxproj", "{DE18EEA2-E74D-4C5B-A526-B412BFD5F93C}"
EndProject
Project("{8BC9CEB8-8B4A-11D0-8D11-00A0C91BC942}") = "CW11", "CW11\CW11.vcxproj", "{A70FC547-25D9-495B-940F-C51A0A740487}"
EndProject
Project("{8BC9CEB8-8B4A-11D0-8D11-00A0C91BC942}") = "MidTerm", "MidTerm\MidTerm.vcxproj", "{FD1FE507-D77C-4C84-82BA-67E12F58F721}"
EndProject
Project("{8BC9CEB8-8B4A-11D0-8D11-00A0C91BC942}") = "HW4", "HW4\HW4.vcxproj", "{EA8A99F1-2190-43E0-9E00-6AB90F32782F}"
EndProject
Project("{8BC9CEB8-8B4A-11D0-8D11-00A0C91BC942}") = "CW13", "TemplateExam\TemplateExam.vcxproj", "{1C7E8213-3108-4E8C-8503-78AB95F04503}"
EndProject
Project("{8BC9CEB8-8B4A-11D0-8D11-00A0C91BC942}") = "CW14", "CW14\CW14.vcxproj", "{CCED1574-286F-42F2-A390-F54257E28A34}"
EndProject
Project("{8BC9CEB8-8B4A-11D0-8D11-00A0C91BC942}") = "PointerAndClasses", "PointerAndClasses\PointerAndClasses.vcxproj", "{6F547D86-A3CC-43B3-86AC-720CDE3A30F9}"
EndProject
Project("{8BC9CEB8-8B4A-11D0-8D11-00A0C91BC942}") = "OrderSystem", "OrderSystem\OrderSystem.vcxproj", "{E6742381-8275-4BFE-8C6B-CD3E324C8454}"
EndProject
Project("{2150E333-8FDC-42A3-9474-1A3956D46DE8}") = "Solution Items", "Solution Items", "{9BA46A4B-0777-4E89-9290-8ABE3E77773F}"
	ProjectSection(SolutionItems) = preProject
		FoodDatabase.txt = FoodDatabase.txt
		graph.csv = graph.csv
		graph_astar.csv = graph_astar.csv
	EndProjectSection
EndProject
Project("{8BC9CEB8-8B4A-11D0-8D11-00A0C91BC942}") = "HW_01_Sorting", "HW_01_Sorting\HW_01_Sorting.vcxproj", "{358C45CB-934C-4852-A4B2-594E734B2335}"
EndProject
Project("{8BC9CEB8-8B4A-11D0-8D11-00A0C91BC942}") = "BinaryTreeSearch", "BinaryTreeSearch\BinaryTreeSearch.vcxproj", "{D56CC54F-A0EB-47C2-A68F-F9F64AB1A4BC}"
EndProject
Project("{8BC9CEB8-8B4A-11D0-8D11-00A0C91BC942}") = "UnitTest1", "UnitTest1\UnitTest1.vcxproj", "{FED7BC4D-0B78-416E-913B-00E50D8CA75F}"
EndProject
Project("{8BC9CEB8-8B4A-11D0-8D11-00A0C91BC942}") = "StaticLib1", "StaticLib1\StaticLib1.vcxproj", "{68EDB225-816B-4AFE-85C2-58D72343C95D}"
EndProject
Project("{8BC9CEB8-8B4A-11D0-8D11-00A0C91BC942}") = "StrNDynamic", "StrNDynamic\StrNDynamic.vcxproj", "{D6469F7B-66E9-411C-8AA2-DC07737BDB1F}"
EndProject
Project("{8BC9CEB8-8B4A-11D0-8D11-00A0C91BC942}") = "Graph", "Graph\Graph.vcxproj", "{F1E704A3-4B7B-4FC0-A4F9-F04B8765539A}"
EndProject
Project("{8BC9CEB8-8B4A-11D0-8D11-00A0C91BC942}") = "GraphSearch", "GraphSearch\GraphSearch.vcxproj", "{4F6D081E-5870-4A6B-826B-AD0443FDB1D6}"
EndProject
Project("{8BC9CEB8-8B4A-11D0-8D11-00A0C91BC942}") = "PathFinding", "PathFinding\PathFinding.vcxproj", "{076F3BA9-1A65-4214-AB5B-2C19081BB713}"
EndProject
Global
	GlobalSection(SolutionConfigurationPlatforms) = preSolution
		Debug|x64 = Debug|x64
		Debug|x86 = Debug|x86
		Release|x64 = Release|x64
		Release|x86 = Release|x86
	EndGlobalSection
	GlobalSection(ProjectConfigurationPlatforms) = postSolution
		{60E873B3-C8B8-4AD8-AB00-B50B0C237259}.Debug|x64.ActiveCfg = Debug|x64
		{60E873B3-C8B8-4AD8-AB00-B50B0C237259}.Debug|x64.Build.0 = Debug|x64
		{60E873B3-C8B8-4AD8-AB00-B50B0C237259}.Debug|x86.ActiveCfg = Debug|Win32
		{60E873B3-C8B8-4AD8-AB00-B50B0C237259}.Debug|x86.Build.0 = Debug|Win32
		{60E873B3-C8B8-4AD8-AB00-B50B0C237259}.Release|x64.ActiveCfg = Release|x64
		{60E873B3-C8B8-4AD8-AB00-B50B0C237259}.Release|x64.Build.0 = Release|x64
		{60E873B3-C8B8-4AD8-AB00-B50B0C237259}.Release|x86.ActiveCfg = Release|Win32
		{60E873B3-C8B8-4AD8-AB00-B50B0C237259}.Release|x86.Build.0 = Release|Win32
		{AB4037AA-9283-416A-89B3-098D843121EB}.Debug|x64.ActiveCfg = Debug|x64
		{AB4037AA-9283-416A-89B3-098D843121EB}.Debug|x64.Build.0 = Debug|x64
		{AB4037AA-9283-416A-89B3-098D843121EB}.Debug|x86.ActiveCfg = Debug|Win32
		{AB4037AA-9283-416A-89B3-098D843121EB}.Debug|x86.Build.0 = Debug|Win32
		{AB4037AA-9283-416A-89B3-098D843121EB}.Release|x64.ActiveCfg = Release|x64
		{AB4037AA-9283-416A-89B3-098D843121EB}.Release|x64.Build.0 = Release|x64
		{AB4037AA-9283-416A-89B3-098D843121EB}.Release|x86.ActiveCfg = Release|Win32
		{AB4037AA-9283-416A-89B3-098D843121EB}.Release|x86.Build.0 = Release|Win32
		{52E22BC3-A937-4728-9EA9-BE5D4DE4C3FF}.Debug|x64.ActiveCfg = Debug|x64
		{52E22BC3-A937-4728-9EA9-BE5D4DE4C3FF}.Debug|x64.Build.0 = Debug|x64
		{52E22BC3-A937-4728-9EA9-BE5D4DE4C3FF}.Debug|x86.ActiveCfg = Debug|Win32
		{52E22BC3-A937-4728-9EA9-BE5D4DE4C3FF}.Debug|x86.Build.0 = Debug|Win32
		{52E22BC3-A937-4728-9EA9-BE5D4DE4C3FF}.Release|x64.ActiveCfg = Release|x64
		{52E22BC3-A937-4728-9EA9-BE5D4DE4C3FF}.Release|x64.Build.0 = Release|x64
		{52E22BC3-A937-4728-9EA9-BE5D4DE4C3FF}.Release|x86.ActiveCfg = Release|Win32
		{52E22BC3-A937-4728-9EA9-BE5D4DE4C3FF}.Release|x86.Build.0 = Release|Win32
		{965A6DBE-B33B-4B5C-9D84-A588F7B9C863}.Debug|x64.ActiveCfg = Debug|x64
		{965A6DBE-B33B-4B5C-9D84-A588F7B9C863}.Debug|x64.Build.0 = Debug|x64
		{965A6DBE-B33B-4B5C-9D84-A588F7B9C863}.Debug|x86.ActiveCfg = Debug|Win32
		{965A6DBE-B33B-4B5C-9D84-A588F7B9C863}.Debug|x86.Build.0 = Debug|Win32
		{965A6DBE-B33B-4B5C-9D84-A588F7B9C863}.Release|x64.ActiveCfg = Release|x64
		{965A6DBE-B33B-4B5C-9D84-A588F7B9C863}.Release|x64.Build.0 = Release|x64
		{965A6DBE-B33B-4B5C-9D84-A588F7B9C863}.Release|x86.ActiveCfg = Release|Win32
		{965A6DBE-B33B-4B5C-9D84-A588F7B9C863}.Release|x86.Build.0 = Release|Win32
		{114A3B01-D49A-4AA5-8389-52498B62C285}.Debug|x64.ActiveCfg = Debug|x64
		{114A3B01-D49A-4AA5-8389-52498B62C285}.Debug|x64.Build.0 = Debug|x64
		{114A3B01-D49A-4AA5-8389-52498B62C285}.Debug|x86.ActiveCfg = Debug|Win32
		{114A3B01-D49A-4AA5-8389-52498B62C285}.Debug|x86.Build.0 = Debug|Win32
		{114A3B01-D49A-4AA5-8389-52498B62C285}.Release|x64.ActiveCfg = Release|x64
		{114A3B01-D49A-4AA5-8389-52498B62C285}.Release|x64.Build.0 = Release|x64
		{114A3B01-D49A-4AA5-8389-52498B62C285}.Release|x86.ActiveCfg = Release|Win32
		{114A3B01-D49A-4AA5-8389-52498B62C285}.Release|x86.Build.0 = Release|Win32
		{6D5193E0-14DF-43CA-9981-594E53AA194E}.Debug|x64.ActiveCfg = Debug|x64
		{6D5193E0-14DF-43CA-9981-594E53AA194E}.Debug|x64.Build.0 = Debug|x64
		{6D5193E0-14DF-43CA-9981-594E53AA194E}.Debug|x86.ActiveCfg = Debug|Win32
		{6D5193E0-14DF-43CA-9981-594E53AA194E}.Debug|x86.Build.0 = Debug|Win32
		{6D5193E0-14DF-43CA-9981-594E53AA194E}.Release|x64.ActiveCfg = Release|x64
		{6D5193E0-14DF-43CA-9981-594E53AA194E}.Release|x64.Build.0 = Release|x64
		{6D5193E0-14DF-43CA-9981-594E53AA194E}.Release|x86.ActiveCfg = Release|Win32
		{6D5193E0-14DF-43CA-9981-594E53AA194E}.Release|x86.Build.0 = Release|Win32
		{A766DB12-FE56-4D82-88C9-BF0D3D67B091}.Debug|x64.ActiveCfg = Debug|x64
		{A766DB12-FE56-4D82-88C9-BF0D3D67B091}.Debug|x64.Build.0 = Debug|x64
		{A766DB12-FE56-4D82-88C9-BF0D3D67B091}.Debug|x86.ActiveCfg = Debug|Win32
		{A766DB12-FE56-4D82-88C9-BF0D3D67B091}.Debug|x86.Build.0 = Debug|Win32
		{A766DB12-FE56-4D82-88C9-BF0D3D67B091}.Release|x64.ActiveCfg = Release|x64
		{A766DB12-FE56-4D82-88C9-BF0D3D67B091}.Release|x64.Build.0 = Release|x64
		{A766DB12-FE56-4D82-88C9-BF0D3D67B091}.Release|x86.ActiveCfg = Release|Win32
		{A766DB12-FE56-4D82-88C9-BF0D3D67B091}.Release|x86.Build.0 = Release|Win32
		{DE18EEA2-E74D-4C5B-A526-B412BFD5F93C}.Debug|x64.ActiveCfg = Debug|x64
		{DE18EEA2-E74D-4C5B-A526-B412BFD5F93C}.Debug|x64.Build.0 = Debug|x64
		{DE18EEA2-E74D-4C5B-A526-B412BFD5F93C}.Debug|x86.ActiveCfg = Debug|Win32
		{DE18EEA2-E74D-4C5B-A526-B412BFD5F93C}.Debug|x86.Build.0 = Debug|Win32
		{DE18EEA2-E74D-4C5B-A526-B412BFD5F93C}.Release|x64.ActiveCfg = Release|x64
		{DE18EEA2-E74D-4C5B-A526-B412BFD5F93C}.Release|x64.Build.0 = Release|x64
		{DE18EEA2-E74D-4C5B-A526-B412BFD5F93C}.Release|x86.ActiveCfg = Release|Win32
		{DE18EEA2-E74D-4C5B-A526-B412BFD5F93C}.Release|x86.Build.0 = Release|Win32
		{A70FC547-25D9-495B-940F-C51A0A740487}.Debug|x64.ActiveCfg = Debug|x64
		{A70FC547-25D9-495B-940F-C51A0A740487}.Debug|x64.Build.0 = Debug|x64
		{A70FC547-25D9-495B-940F-C51A0A740487}.Debug|x86.ActiveCfg = Debug|Win32
		{A70FC547-25D9-495B-940F-C51A0A740487}.Debug|x86.Build.0 = Debug|Win32
		{A70FC547-25D9-495B-940F-C51A0A740487}.Release|x64.ActiveCfg = Release|x64
		{A70FC547-25D9-495B-940F-C51A0A740487}.Release|x64.Build.0 = Release|x64
		{A70FC547-25D9-495B-940F-C51A0A740487}.Release|x86.ActiveCfg = Release|Win32
		{A70FC547-25D9-495B-940F-C51A0A740487}.Release|x86.Build.0 = Release|Win32
		{FD1FE507-D77C-4C84-82BA-67E12F58F721}.Debug|x64.ActiveCfg = Debug|x64
		{FD1FE507-D77C-4C84-82BA-67E12F58F721}.Debug|x64.Build.0 = Debug|x64
		{FD1FE507-D77C-4C84-82BA-67E12F58F721}.Debug|x86.ActiveCfg = Debug|Win32
		{FD1FE507-D77C-4C84-82BA-67E12F58F721}.Debug|x86.Build.0 = Debug|Win32
		{FD1FE507-D77C-4C84-82BA-67E12F58F721}.Release|x64.ActiveCfg = Release|x64
		{FD1FE507-D77C-4C84-82BA-67E12F58F721}.Release|x64.Build.0 = Release|x64
		{FD1FE507-D77C-4C84-82BA-67E12F58F721}.Release|x86.ActiveCfg = Release|Win32
		{FD1FE507-D77C-4C84-82BA-67E12F58F721}.Release|x86.Build.0 = Release|Win32
		{EA8A99F1-2190-43E0-9E00-6AB90F32782F}.Debug|x64.ActiveCfg = Debug|x64
		{EA8A99F1-2190-43E0-9E00-6AB90F32782F}.Debug|x64.Build.0 = Debug|x64
		{EA8A99F1-2190-43E0-9E00-6AB90F32782F}.Debug|x86.ActiveCfg = Debug|Win32
		{EA8A99F1-2190-43E0-9E00-6AB90F32782F}.Debug|x86.Build.0 = Debug|Win32
		{EA8A99F1-2190-43E0-9E00-6AB90F32782F}.Release|x64.ActiveCfg = Release|x64
		{EA8A99F1-2190-43E0-9E00-6AB90F32782F}.Release|x64.Build.0 = Release|x64
		{EA8A99F1-2190-43E0-9E00-6AB90F32782F}.Release|x86.ActiveCfg = Release|Win32
		{EA8A99F1-2190-43E0-9E00-6AB90F32782F}.Release|x86.Build.0 = Release|Win32
		{1C7E8213-3108-4E8C-8503-78AB95F04503}.Debug|x64.ActiveCfg = Debug|x64
		{1C7E8213-3108-4E8C-8503-78AB95F04503}.Debug|x64.Build.0 = Debug|x64
		{1C7E8213-3108-4E8C-8503-78AB95F04503}.Debug|x86.ActiveCfg = Debug|Win32
		{1C7E8213-3108-4E8C-8503-78AB95F04503}.Debug|x86.Build.0 = Debug|Win32
		{1C7E8213-3108-4E8C-8503-78AB95F04503}.Release|x64.ActiveCfg = Release|x64
		{1C7E8213-3108-4E8C-8503-78AB95F04503}.Release|x64.Build.0 = Release|x64
		{1C7E8213-3108-4E8C-8503-78AB95F04503}.Release|x86.ActiveCfg = Release|Win32
		{1C7E8213-3108-4E8C-8503-78AB95F04503}.Release|x86.Build.0 = Release|Win32
		{CCED1574-286F-42F2-A390-F54257E28A34}.Debug|x64.ActiveCfg = Debug|x64
		{CCED1574-286F-42F2-A390-F54257E28A34}.Debug|x64.Build.0 = Debug|x64
		{CCED1574-286F-42F2-A390-F54257E28A34}.Debug|x86.ActiveCfg = Debug|Win32
		{CCED1574-286F-42F2-A390-F54257E28A34}.Debug|x86.Build.0 = Debug|Win32
		{CCED1574-286F-42F2-A390-F54257E28A34}.Release|x64.ActiveCfg = Release|x64
		{CCED1574-286F-42F2-A390-F54257E28A34}.Release|x64.Build.0 = Release|x64
		{CCED1574-286F-42F2-A390-F54257E28A34}.Release|x86.ActiveCfg = Release|Win32
		{CCED1574-286F-42F2-A390-F54257E28A34}.Release|x86.Build.0 = Release|Win32
		{6F547D86-A3CC-43B3-86AC-720CDE3A30F9}.Debug|x64.ActiveCfg = Debug|x64
		{6F547D86-A3CC-43B3-86AC-720CDE3A30F9}.Debug|x64.Build.0 = Debug|x64
		{6F547D86-A3CC-43B3-86AC-720CDE3A30F9}.Debug|x86.ActiveCfg = Debug|Win32
		{6F547D86-A3CC-43B3-86AC-720CDE3A30F9}.Debug|x86.Build.0 = Debug|Win32
		{6F547D86-A3CC-43B3-86AC-720CDE3A30F9}.Release|x64.ActiveCfg = Release|x64
		{6F547D86-A3CC-43B3-86AC-720CDE3A30F9}.Release|x64.Build.0 = Release|x64
		{6F547D86-A3CC-43B3-86AC-720CDE3A30F9}.Release|x86.ActiveCfg = Release|Win32
		{6F547D86-A3CC-43B3-86AC-720CDE3A30F9}.Release|x86.Build.0 = Release|Win32
		{E6742381-8275-4BFE-8C6B-CD3E324C8454}.Debug|x64.ActiveCfg = Debug|x64
		{E6742381-8275-4BFE-8C6B-CD3E324C8454}.Debug|x64.Build.0 = Debug|x64
		{E6742381-8275-4BFE-8C6B-CD3E324C8454}.Debug|x86.ActiveCfg = Debug|Win32
		{E6742381-8275-4BFE-8C6B-CD3E324C8454}.Debug|x86.Build.0 = Debug|Win32
		{E6742381-8275-4BFE-8C6B-CD3E324C8454}.Release|x64.ActiveCfg = Release|x64
		{E6742381-8275-4BFE-8C6B-CD3E324C8454}.Release|x64.Build.0 = Release|x64
		{E6742381-8275-4BFE-8C6B-CD3E324C8454}.Release|x86.ActiveCfg = Release|Win32
		{E6742381-8275-4BFE-8C6B-CD3E324C8454}.Release|x86.Build.0 = Release|Win32
		{358C45CB-934C-4852-A4B2-594E734B2335}.Debug|x64.ActiveCfg = Debug|x64
		{358C45CB-934C-4852-A4B2-594E734B2335}.Debug|x64.Build.0 = Debug|x64
		{358C45CB-934C-4852-A4B2-594E734B2335}.Debug|x86.ActiveCfg = Debug|Win32
		{358C45CB-934C-4852-A4B2-594E734B2335}.Debug|x86.Build.0 = Debug|Win32
		{358C45CB-934C-4852-A4B2-594E734B2335}.Release|x64.ActiveCfg = Release|x64
		{358C45CB-934C-4852-A4B2-594E734B2335}.Release|x64.Build.0 = Release|x64
		{358C45CB-934C-4852-A4B2-594E734B2335}.Release|x86.ActiveCfg = Release|Win32
		{358C45CB-934C-4852-A4B2-594E734B2335}.Release|x86.Build.0 = Release|Win32
		{D56CC54F-A0EB-47C2-A68F-F9F64AB1A4BC}.Debug|x64.ActiveCfg = Debug|x64
		{D56CC54F-A0EB-47C2-A68F-F9F64AB1A4BC}.Debug|x64.Build.0 = Debug|x64
		{D56CC54F-A0EB-47C2-A68F-F9F64AB1A4BC}.Debug|x86.ActiveCfg = Debug|Win32
		{D56CC54F-A0EB-47C2-A68F-F9F64AB1A4BC}.Debug|x86.Build.0 = Debug|Win32
		{D56CC54F-A0EB-47C2-A68F-F9F64AB1A4BC}.Release|x64.ActiveCfg = Release|x64
		{D56CC54F-A0EB-47C2-A68F-F9F64AB1A4BC}.Release|x64.Build.0 = Release|x64
		{D56CC54F-A0EB-47C2-A68F-F9F64AB1A4BC}.Release|x86.ActiveCfg = Release|Win32
		{D56CC54F-A0EB-47C2-A68F-F9F64AB1A4BC}.Release|x86.Build.0 = Release|Win32
		{FED7BC4D-0B78-416E-913B-00E50D8CA75F}.Debug|x64.ActiveCfg = Debug|x64
		{FED7BC4D-0B78-416E-913B-00E50D8CA75F}.Debug|x64.Build.0 = Debug|x64
		{FED7BC4D-0B78-416E-913B-00E50D8CA75F}.Debug|x86.ActiveCfg = Debug|Win32
		{FED7BC4D-0B78-416E-913B-00E50D8CA75F}.Debug|x86.Build.0 = Debug|Win32
		{FED7BC4D-0B78-416E-913B-00E50D8CA75F}.Release|x64.ActiveCfg = Release|x64
		{FED7BC4D-0B78-416E-913B-00E50D8CA75F}.Release|x64.Build.0 = Release|x64
		{FED7BC4D-0B78-416E-913B-00E50D8CA75F}.Release|x86.ActiveCfg = Release|Win32
		{FED7BC4D-0B78-416E-913B-00E50D8CA75F}.Release|x86.Build.0 = Release|Win32
		{68EDB225-816B-4AFE-85C2-58D72343C95D}.Debug|x64.ActiveCfg = Debug|x64
		{68EDB225-816B-4AFE-85C2-58D72343C95D}.Debug|x64.Build.0 = Debug|x64
		{68EDB225-816B-4AFE-85C2-58D72343C95D}.Debug|x86.ActiveCfg = Debug|Win32
		{68EDB225-816B-4AFE-85C2-58D72343C95D}.Debug|x86.Build.0 = Debug|Win32
		{68EDB225-816B-4AFE-85C2-58D72343C95D}.Release|x64.ActiveCfg = Release|x64
		{68EDB225-816B-4AFE-85C2-58D72343C95D}.Release|x64.Build.0 = Release|x64
		{68EDB225-816B-4AFE-85C2-58D72343C95D}.Release|x86.ActiveCfg = Release|Win32
		{68EDB225-816B-4AFE-85C2-58D72343C95D}.Release|x86.Build.0 = Release|Win32
		{D6469F7B-66E9-411C-8AA2-DC07737BDB1F}.Debug|x64.ActiveCfg = Debug|x64
		{D6469F7B-66E9-411C-8AA2-DC07737BDB1F}.Debug|x64.Build.0 = Debug|x64
		{D6469F7B-66E9-411C-8AA2-DC07737BDB1F}.Debug|x86.ActiveCfg = Debug|Win32
		{D6469F7B-66E9-411C-8AA2-DC07737BDB1F}.Debug|x86.Build.0 = Debug|Win32
		{D6469F7B-66E9-411C-8AA2-DC07737BDB1F}.Release|x64.ActiveCfg = Release|x64
		{D6469F7B-66E9-411C-8AA2-DC07737BDB1F}.Release|x64.Build.0 = Release|x64
		{D6469F7B-66E9-411C-8AA2-DC07737BDB1F}.Release|x86.ActiveCfg = Release|Win32
		{D6469F7B-66E9-411C-8AA2-DC07737BDB1F}.Release|x86.Build.0 = Release|Win32
		{F1E704A3-4B7B-4FC0-A4F9-F04B8765539A}.Debug|x64.ActiveCfg = Debug|x64
		{F1E704A3-4B7B-4FC0-A4F9-F04B8765539A}.Debug|x64.Build.0 = Debug|x64
		{F1E704A3-4B7B-4FC0-A4F9-F04B8765539A}.Debug|x86.ActiveCfg = Debug|Win32
		{F1E704A3-4B7B-4FC0-A4F9-F04B8765539A}.Debug|x86.Build.0 = Debug|Win32
		{F1E704A3-4B7B-4FC0-A4F9-F04B8765539A}.Release|x64.ActiveCfg = Release|x64
		{F1E704A3-4B7B-4FC0-A4F9-F04B8765539A}.Release|x64.Build.0 = Release|x64
		{F1E704A3-4B7B-4FC0-A4F9-F04B8765539A}.Release|x86.ActiveCfg = Release|Win32
		{F1E704A3-4B7B-4FC0-A4F9-F04B8765539A}.Release|x86.Build.0 = Release|Win32
		{4F6D081E-5870-4A6B-826B-AD0443FDB1D6}.Debug|x64.ActiveCfg = Debug|x64
		{4F6D081E-5870-4A6B-826B-AD0443FDB1D6}.Debug|x64.Build.0 = Debug|x64
		{4F6D081E-5870-4A6B-826B-AD0443FDB1D6}.Debug|x86.ActiveCfg = Debug|Win32
		{4F6D081E-5870-4A6B-826B-AD0443FDB1D6}.Debug|x86.Build.0 = Debug|Win32
		{4F6D081E-5870-4A6B-826B-AD0443FDB1D6}.Release|x64.ActiveCfg = Release|x64
		{4F6D081E-5870-4A6B-826B-AD0443FDB1D6}.Release|x64.Build.0 = Release|x64
		{4F6D081E-5870-4A6B-826B-AD0443FDB1D6}.Release|x86.ActiveCfg = Release|Win32
		{4F6D081E-5870-4A6B-826B-AD0443FDB1D6}.Release|x86.Build.0 = Release|Win32
		{076F3BA9-1A65-4214-AB5B-2C19081BB713}.Debug|x64.ActiveCfg = Debug|x64
		{076F3BA9-1A65-4214-AB5B-2C19081BB713}.Debug|x64.Build.0 = Debug|x64
		{076F3BA9-1A65-4214-AB5B-2C19081BB713}.Debug|x86.ActiveCfg = Debug|Win32
		{076F3BA9-1A65-4214-AB5B-2C19081BB713}.Debug|x86.Build.0 = Debug|Win32
		{076F3BA9-1A65-4214-AB5B-2C19081BB713}.Release|x64.ActiveCfg = Release|x64
		{076F3BA9-1A65-4214-AB5B-2C19081BB713}.Release|x64.Build.0 = Release|x64
		{076F3BA9-1A65-4214-AB5B-2C19081BB713}.Release|x86.ActiveCfg = Release|Win32
		{076F3BA9-1A65-4214-AB5B-2C19081BB713}.Release|x86.Build.0 = Release|Win32
	EndGlobalSection
	GlobalSection(SolutionProperties) = preSolution
		HideSolutionNode = FALSE
	EndGlobalSection
	GlobalSection(ExtensibilityGlobals) = postSolution
		SolutionGuid = {D3296302-A5D9-4495-BECB-708112639D66}
	EndGlobalSection
EndGlobal
