
Microsoft Visual Studio Solution File, Format Version 12.00
# Visual Studio Version 16
VisualStudioVersion = 16.0.29306.81
MinimumVisualStudioVersion = 10.0.40219.1
Project("{8BC9CEB8-8B4A-11D0-8D11-00A0C91BC942}") = "CPP_HW", "CPP_HW\CPP_HW.vcxproj", "{60E873B3-C8B8-4AD8-AB00-B50B0C237259}"
EndProject
Project("{8BC9CEB8-8B4A-11D0-8D11-00A0C91BC942}") = "StackExam", "StackExam\StackExam.vcxproj", "{AB4037AA-9283-416A-89B3-098D843121EB}"
EndProject
Project("{8BC9CEB8-8B4A-11D0-8D11-00A0C91BC942}") = "CW7", "CW7\CW7.vcxproj", "{52E22BC3-A937-4728-9EA9-BE5D4DE4C3FF}"
EndProject
Project("{8BC9CEB8-8B4A-11D0-8D11-00A0C91BC942}") = "SampleQueue", "SampleQueue\SampleQueue.vcxproj", "{965A6DBE-B33B-4B5C-9D84-A588F7B9C863}"
EndProject
Project("{8BC9CEB8-8B4A-11D0-8D11-00A0C91BC942}") = "CW8", "CW8\CW8.vcxproj", "{114A3B01-D49A-4AA5-8389-52498B62C285}"
EndProject
Project("{8BC9CEB8-8B4A-11D0-8D11-00A0C91BC942}") = "CW9", "CW9\CW9.vcxproj", "{6D5193E0-14DF-43CA-9981-594E53AA194E}"
EndProject
Project("{8BC9CEB8-8B4A-11D0-8D11-00A0C91BC942}") = "CW10", "CW10\CW10.vcxproj", "{A766DB12-FE56-4D82-88C9-BF0D3D67B091}"
EndProject
Project("{8BC9CEB8-8B4A-11D0-8D11-00A0C91BC942}") = "VirtualFunc", "VirtualFunc\VirtualFunc.vcxproj", "{DE18EEA2-E74D-4C5B-A526-B412BFD5F93C}"
EndProject
Project("{8BC9CEB8-8B4A-11D0-8D11-00A0C91BC942}") = "CW11", "CW11\CW11.vcxproj", "{A70FC547-25D9-495B-940F-C51A0A740487}"
EndProject
Project("{8BC9CEB8-8B4A-11D0-8D11-00A0C91BC942}") = "MidTerm", "MidTerm\MidTerm.vcxproj", "{FD1FE507-D77C-4C84-82BA-67E12F58F721}"
EndProject
Project("{8BC9CEB8-8B4A-11D0-8D11-00A0C91BC942}") = "HW4", "HW4\HW4.vcxproj", "{EA8A99F1-2190-43E0-9E00-6AB90F32782F}"
EndProject
Project("{8BC9CEB8-8B4A-11D0-8D11-00A0C91BC942}") = "TemplateExam", "TemplateExam\TemplateExam.vcxproj", "{1C7E8213-3108-4E8C-8503-78AB95F04503}"
EndProject
Global
	GlobalSection(SolutionConfigurationPlatforms) = preSolution
		Debug|x64 = Debug|x64
		Debug|x86 = Debug|x86
		Release|x64 = Release|x64
		Release|x86 = Release|x86
	EndGlobalSection
	GlobalSection(ProjectConfigurationPlatforms) = postSolution
		{60E873B3-C8B8-4AD8-AB00-B50B0C237259}.Debug|x64.ActiveCfg = Debug|x64
		{60E873B3-C8B8-4AD8-AB00-B50B0C237259}.Debug|x64.Build.0 = Debug|x64
		{60E873B3-C8B8-4AD8-AB00-B50B0C237259}.Debug|x86.ActiveCfg = Debug|Win32
		{60E873B3-C8B8-4AD8-AB00-B50B0C237259}.Debug|x86.Build.0 = Debug|Win32
		{60E873B3-C8B8-4AD8-AB00-B50B0C237259}.Release|x64.ActiveCfg = Release|x64
		{60E873B3-C8B8-4AD8-AB00-B50B0C237259}.Release|x64.Build.0 = Release|x64
		{60E873B3-C8B8-4AD8-AB00-B50B0C237259}.Release|x86.ActiveCfg = Release|Win32
		{60E873B3-C8B8-4AD8-AB00-B50B0C237259}.Release|x86.Build.0 = Release|Win32
		{AB4037AA-9283-416A-89B3-098D843121EB}.Debug|x64.ActiveCfg = Debug|x64
		{AB4037AA-9283-416A-89B3-098D843121EB}.Debug|x64.Build.0 = Debug|x64
		{AB4037AA-9283-416A-89B3-098D843121EB}.Debug|x86.ActiveCfg = Debug|Win32
		{AB4037AA-9283-416A-89B3-098D843121EB}.Debug|x86.Build.0 = Debug|Win32
		{AB4037AA-9283-416A-89B3-098D843121EB}.Release|x64.ActiveCfg = Release|x64
		{AB4037AA-9283-416A-89B3-098D843121EB}.Release|x64.Build.0 = Release|x64
		{AB4037AA-9283-416A-89B3-098D843121EB}.Release|x86.ActiveCfg = Release|Win32
		{AB4037AA-9283-416A-89B3-098D843121EB}.Release|x86.Build.0 = Release|Win32
		{52E22BC3-A937-4728-9EA9-BE5D4DE4C3FF}.Debug|x64.ActiveCfg = Debug|x64
		{52E22BC3-A937-4728-9EA9-BE5D4DE4C3FF}.Debug|x64.Build.0 = Debug|x64
		{52E22BC3-A937-4728-9EA9-BE5D4DE4C3FF}.Debug|x86.ActiveCfg = Debug|Win32
		{52E22BC3-A937-4728-9EA9-BE5D4DE4C3FF}.Debug|x86.Build.0 = Debug|Win32
		{52E22BC3-A937-4728-9EA9-BE5D4DE4C3FF}.Release|x64.ActiveCfg = Release|x64
		{52E22BC3-A937-4728-9EA9-BE5D4DE4C3FF}.Release|x64.Build.0 = Release|x64
		{52E22BC3-A937-4728-9EA9-BE5D4DE4C3FF}.Release|x86.ActiveCfg = Release|Win32
		{52E22BC3-A937-4728-9EA9-BE5D4DE4C3FF}.Release|x86.Build.0 = Release|Win32
		{965A6DBE-B33B-4B5C-9D84-A588F7B9C863}.Debug|x64.ActiveCfg = Debug|x64
		{965A6DBE-B33B-4B5C-9D84-A588F7B9C863}.Debug|x64.Build.0 = Debug|x64
		{965A6DBE-B33B-4B5C-9D84-A588F7B9C863}.Debug|x86.ActiveCfg = Debug|Win32
		{965A6DBE-B33B-4B5C-9D84-A588F7B9C863}.Debug|x86.Build.0 = Debug|Win32
		{965A6DBE-B33B-4B5C-9D84-A588F7B9C863}.Release|x64.ActiveCfg = Release|x64
		{965A6DBE-B33B-4B5C-9D84-A588F7B9C863}.Release|x64.Build.0 = Release|x64
		{965A6DBE-B33B-4B5C-9D84-A588F7B9C863}.Release|x86.ActiveCfg = Release|Win32
		{965A6DBE-B33B-4B5C-9D84-A588F7B9C863}.Release|x86.Build.0 = Release|Win32
		{114A3B01-D49A-4AA5-8389-52498B62C285}.Debug|x64.ActiveCfg = Debug|x64
		{114A3B01-D49A-4AA5-8389-52498B62C285}.Debug|x64.Build.0 = Debug|x64
		{114A3B01-D49A-4AA5-8389-52498B62C285}.Debug|x86.ActiveCfg = Debug|Win32
		{114A3B01-D49A-4AA5-8389-52498B62C285}.Debug|x86.Build.0 = Debug|Win32
		{114A3B01-D49A-4AA5-8389-52498B62C285}.Release|x64.ActiveCfg = Release|x64
		{114A3B01-D49A-4AA5-8389-52498B62C285}.Release|x64.Build.0 = Release|x64
		{114A3B01-D49A-4AA5-8389-52498B62C285}.Release|x86.ActiveCfg = Release|Win32
		{114A3B01-D49A-4AA5-8389-52498B62C285}.Release|x86.Build.0 = Release|Win32
		{6D5193E0-14DF-43CA-9981-594E53AA194E}.Debug|x64.ActiveCfg = Debug|x64
		{6D5193E0-14DF-43CA-9981-594E53AA194E}.Debug|x64.Build.0 = Debug|x64
		{6D5193E0-14DF-43CA-9981-594E53AA194E}.Debug|x86.ActiveCfg = Debug|Win32
		{6D5193E0-14DF-43CA-9981-594E53AA194E}.Debug|x86.Build.0 = Debug|Win32
		{6D5193E0-14DF-43CA-9981-594E53AA194E}.Release|x64.ActiveCfg = Release|x64
		{6D5193E0-14DF-43CA-9981-594E53AA194E}.Release|x64.Build.0 = Release|x64
		{6D5193E0-14DF-43CA-9981-594E53AA194E}.Release|x86.ActiveCfg = Release|Win32
		{6D5193E0-14DF-43CA-9981-594E53AA194E}.Release|x86.Build.0 = Release|Win32
		{A766DB12-FE56-4D82-88C9-BF0D3D67B091}.Debug|x64.ActiveCfg = Debug|x64
		{A766DB12-FE56-4D82-88C9-BF0D3D67B091}.Debug|x64.Build.0 = Debug|x64
		{A766DB12-FE56-4D82-88C9-BF0D3D67B091}.Debug|x86.ActiveCfg = Debug|Win32
		{A766DB12-FE56-4D82-88C9-BF0D3D67B091}.Debug|x86.Build.0 = Debug|Win32
		{A766DB12-FE56-4D82-88C9-BF0D3D67B091}.Release|x64.ActiveCfg = Release|x64
		{A766DB12-FE56-4D82-88C9-BF0D3D67B091}.Release|x64.Build.0 = Release|x64
		{A766DB12-FE56-4D82-88C9-BF0D3D67B091}.Release|x86.ActiveCfg = Release|Win32
		{A766DB12-FE56-4D82-88C9-BF0D3D67B091}.Release|x86.Build.0 = Release|Win32
		{DE18EEA2-E74D-4C5B-A526-B412BFD5F93C}.Debug|x64.ActiveCfg = Debug|x64
		{DE18EEA2-E74D-4C5B-A526-B412BFD5F93C}.Debug|x64.Build.0 = Debug|x64
		{DE18EEA2-E74D-4C5B-A526-B412BFD5F93C}.Debug|x86.ActiveCfg = Debug|Win32
		{DE18EEA2-E74D-4C5B-A526-B412BFD5F93C}.Debug|x86.Build.0 = Debug|Win32
		{DE18EEA2-E74D-4C5B-A526-B412BFD5F93C}.Release|x64.ActiveCfg = Release|x64
		{DE18EEA2-E74D-4C5B-A526-B412BFD5F93C}.Release|x64.Build.0 = Release|x64
		{DE18EEA2-E74D-4C5B-A526-B412BFD5F93C}.Release|x86.ActiveCfg = Release|Win32
		{DE18EEA2-E74D-4C5B-A526-B412BFD5F93C}.Release|x86.Build.0 = Release|Win32
		{A70FC547-25D9-495B-940F-C51A0A740487}.Debug|x64.ActiveCfg = Debug|x64
		{A70FC547-25D9-495B-940F-C51A0A740487}.Debug|x64.Build.0 = Debug|x64
		{A70FC547-25D9-495B-940F-C51A0A740487}.Debug|x86.ActiveCfg = Debug|Win32
		{A70FC547-25D9-495B-940F-C51A0A740487}.Debug|x86.Build.0 = Debug|Win32
		{A70FC547-25D9-495B-940F-C51A0A740487}.Release|x64.ActiveCfg = Release|x64
		{A70FC547-25D9-495B-940F-C51A0A740487}.Release|x64.Build.0 = Release|x64
		{A70FC547-25D9-495B-940F-C51A0A740487}.Release|x86.ActiveCfg = Release|Win32
		{A70FC547-25D9-495B-940F-C51A0A740487}.Release|x86.Build.0 = Release|Win32
		{FD1FE507-D77C-4C84-82BA-67E12F58F721}.Debug|x64.ActiveCfg = Debug|x64
		{FD1FE507-D77C-4C84-82BA-67E12F58F721}.Debug|x64.Build.0 = Debug|x64
		{FD1FE507-D77C-4C84-82BA-67E12F58F721}.Debug|x86.ActiveCfg = Debug|Win32
		{FD1FE507-D77C-4C84-82BA-67E12F58F721}.Debug|x86.Build.0 = Debug|Win32
		{FD1FE507-D77C-4C84-82BA-67E12F58F721}.Release|x64.ActiveCfg = Release|x64
		{FD1FE507-D77C-4C84-82BA-67E12F58F721}.Release|x64.Build.0 = Release|x64
		{FD1FE507-D77C-4C84-82BA-67E12F58F721}.Release|x86.ActiveCfg = Release|Win32
		{FD1FE507-D77C-4C84-82BA-67E12F58F721}.Release|x86.Build.0 = Release|Win32
		{EA8A99F1-2190-43E0-9E00-6AB90F32782F}.Debug|x64.ActiveCfg = Debug|x64
		{EA8A99F1-2190-43E0-9E00-6AB90F32782F}.Debug|x64.Build.0 = Debug|x64
		{EA8A99F1-2190-43E0-9E00-6AB90F32782F}.Debug|x86.ActiveCfg = Debug|Win32
		{EA8A99F1-2190-43E0-9E00-6AB90F32782F}.Debug|x86.Build.0 = Debug|Win32
		{EA8A99F1-2190-43E0-9E00-6AB90F32782F}.Release|x64.ActiveCfg = Release|x64
		{EA8A99F1-2190-43E0-9E00-6AB90F32782F}.Release|x64.Build.0 = Release|x64
		{EA8A99F1-2190-43E0-9E00-6AB90F32782F}.Release|x86.ActiveCfg = Release|Win32
		{EA8A99F1-2190-43E0-9E00-6AB90F32782F}.Release|x86.Build.0 = Release|Win32
		{1C7E8213-3108-4E8C-8503-78AB95F04503}.Debug|x64.ActiveCfg = Debug|x64
		{1C7E8213-3108-4E8C-8503-78AB95F04503}.Debug|x64.Build.0 = Debug|x64
		{1C7E8213-3108-4E8C-8503-78AB95F04503}.Debug|x86.ActiveCfg = Debug|Win32
		{1C7E8213-3108-4E8C-8503-78AB95F04503}.Debug|x86.Build.0 = Debug|Win32
		{1C7E8213-3108-4E8C-8503-78AB95F04503}.Release|x64.ActiveCfg = Release|x64
		{1C7E8213-3108-4E8C-8503-78AB95F04503}.Release|x64.Build.0 = Release|x64
		{1C7E8213-3108-4E8C-8503-78AB95F04503}.Release|x86.ActiveCfg = Release|Win32
		{1C7E8213-3108-4E8C-8503-78AB95F04503}.Release|x86.Build.0 = Release|Win32
	EndGlobalSection
	GlobalSection(SolutionProperties) = preSolution
		HideSolutionNode = FALSE
	EndGlobalSection
	GlobalSection(ExtensibilityGlobals) = postSolution
		SolutionGuid = {D3296302-A5D9-4495-BECB-708112639D66}
	EndGlobalSection
EndGlobal
